
Microsoft Visual Studio Solution File, Format Version 12.00
# Visual Studio 15
VisualStudioVersion = 15.0.25807.0
MinimumVisualStudioVersion = 10.0.40219.1
Project("{2150E333-8FDC-42A3-9474-1A3956D46DE8}") = "Engine", "Engine", "{654091CB-AF13-4DF4-8402-570922BD4C9C}"
EndProject
Project("{2150E333-8FDC-42A3-9474-1A3956D46DE8}") = "Games", "Games", "{36086582-77FA-4A74-B263-C1CB37D6FCD7}"
EndProject
Project("{8BC9CEB8-8B4A-11D0-8D11-00A0C91BC942}") = "UE4", "Intermediate\ProjectFiles\UE4.vcxproj", "{1D0C4EA6-9731-46DE-B729-640C59FDACF4}"
EndProject
Project("{8BC9CEB8-8B4A-11D0-8D11-00A0C91BC942}") = "dspong", "Intermediate\ProjectFiles\dspong.vcxproj", "{1A0DB29A-D0BB-4118-9865-FDD9A24D88DA}"
EndProject
Global
	GlobalSection(SolutionConfigurationPlatforms) = preSolution
		DebugGame Editor|HTML5 = DebugGame Editor|HTML5
		DebugGame Editor|Win32 = DebugGame Editor|Win32
		DebugGame Editor|Win64 = DebugGame Editor|Win64
		DebugGame|HTML5 = DebugGame|HTML5
		DebugGame|Win32 = DebugGame|Win32
		DebugGame|Win64 = DebugGame|Win64
		Development Editor|HTML5 = Development Editor|HTML5
		Development Editor|Win32 = Development Editor|Win32
		Development Editor|Win64 = Development Editor|Win64
		Development|HTML5 = Development|HTML5
		Development|Win32 = Development|Win32
		Development|Win64 = Development|Win64
		Shipping|HTML5 = Shipping|HTML5
		Shipping|Win32 = Shipping|Win32
		Shipping|Win64 = Shipping|Win64
	EndGlobalSection
	GlobalSection(ProjectConfigurationPlatforms) = postSolution
		{1A0DB29A-D0BB-4118-9865-FDD9A24D88DA}.DebugGame Editor|HTML5.ActiveCfg = HTML5_DebugGame_Editor|Win32
		{1A0DB29A-D0BB-4118-9865-FDD9A24D88DA}.DebugGame Editor|Win32.ActiveCfg = DebugGame_Editor|Win32
		{1A0DB29A-D0BB-4118-9865-FDD9A24D88DA}.DebugGame Editor|Win64.ActiveCfg = DebugGame_Editor|x64
		{1A0DB29A-D0BB-4118-9865-FDD9A24D88DA}.DebugGame Editor|Win64.Build.0 = DebugGame_Editor|x64
		{1A0DB29A-D0BB-4118-9865-FDD9A24D88DA}.DebugGame|HTML5.ActiveCfg = HTML5_DebugGame_Game|Win32
		{1A0DB29A-D0BB-4118-9865-FDD9A24D88DA}.DebugGame|HTML5.Build.0 = HTML5_DebugGame_Game|Win32
		{1A0DB29A-D0BB-4118-9865-FDD9A24D88DA}.DebugGame|Win32.ActiveCfg = DebugGame_Game|Win32
		{1A0DB29A-D0BB-4118-9865-FDD9A24D88DA}.DebugGame|Win32.Build.0 = DebugGame_Game|Win32
		{1A0DB29A-D0BB-4118-9865-FDD9A24D88DA}.DebugGame|Win64.ActiveCfg = DebugGame_Game|x64
		{1A0DB29A-D0BB-4118-9865-FDD9A24D88DA}.DebugGame|Win64.Build.0 = DebugGame_Game|x64
		{1A0DB29A-D0BB-4118-9865-FDD9A24D88DA}.Development Editor|HTML5.ActiveCfg = HTML5_Development_Editor|Win32
		{1A0DB29A-D0BB-4118-9865-FDD9A24D88DA}.Development Editor|Win32.ActiveCfg = Development_Editor|Win32
		{1A0DB29A-D0BB-4118-9865-FDD9A24D88DA}.Development Editor|Win64.ActiveCfg = Development_Editor|x64
		{1A0DB29A-D0BB-4118-9865-FDD9A24D88DA}.Development Editor|Win64.Build.0 = Development_Editor|x64
		{1A0DB29A-D0BB-4118-9865-FDD9A24D88DA}.Development|HTML5.ActiveCfg = HTML5_Development_Game|Win32
		{1A0DB29A-D0BB-4118-9865-FDD9A24D88DA}.Development|HTML5.Build.0 = HTML5_Development_Game|Win32
		{1A0DB29A-D0BB-4118-9865-FDD9A24D88DA}.Development|Win32.ActiveCfg = Development_Game|Win32
		{1A0DB29A-D0BB-4118-9865-FDD9A24D88DA}.Development|Win32.Build.0 = Development_Game|Win32
		{1A0DB29A-D0BB-4118-9865-FDD9A24D88DA}.Development|Win64.ActiveCfg = Development_Game|x64
		{1A0DB29A-D0BB-4118-9865-FDD9A24D88DA}.Development|Win64.Build.0 = Development_Game|x64
		{1A0DB29A-D0BB-4118-9865-FDD9A24D88DA}.Shipping|HTML5.ActiveCfg = HTML5_Shipping_Game|Win32
		{1A0DB29A-D0BB-4118-9865-FDD9A24D88DA}.Shipping|HTML5.Build.0 = HTML5_Shipping_Game|Win32
		{1A0DB29A-D0BB-4118-9865-FDD9A24D88DA}.Shipping|Win32.ActiveCfg = Shipping_Game|Win32
		{1A0DB29A-D0BB-4118-9865-FDD9A24D88DA}.Shipping|Win32.Build.0 = Shipping_Game|Win32
		{1A0DB29A-D0BB-4118-9865-FDD9A24D88DA}.Shipping|Win64.ActiveCfg = Shipping_Game|x64
		{1A0DB29A-D0BB-4118-9865-FDD9A24D88DA}.Shipping|Win64.Build.0 = Shipping_Game|x64
	EndGlobalSection
	GlobalSection(SolutionProperties) = preSolution
		HideSolutionNode = FALSE
	EndGlobalSection
	GlobalSection(NestedProjects) = preSolution
		{1D0C4EA6-9731-46DE-B729-640C59FDACF4} = {654091CB-AF13-4DF4-8402-570922BD4C9C}
		{1A0DB29A-D0BB-4118-9865-FDD9A24D88DA} = {36086582-77FA-4A74-B263-C1CB37D6FCD7}
	EndGlobalSection
EndGlobal
